
Microsoft Visual Studio Solution File, Format Version 12.00
Project("{FAE04EC0-301F-11D3-BF4B-00C04F79EFBC}") = "BitionaryServer", "BitionaryServer\BitionaryServer.csproj", "{38C40D8A-B775-4A53-BD4A-743C3BD8EB7E}"
EndProject
Global
	GlobalSection(SolutionConfigurationPlatforms) = preSolution
		Debug|Any CPU = Debug|Any CPU
		Release|Any CPU = Release|Any CPU
	EndGlobalSection
	GlobalSection(ProjectConfigurationPlatforms) = postSolution
		{38C40D8A-B775-4A53-BD4A-743C3BD8EB7E}.Debug|Any CPU.ActiveCfg = Debug|Any CPU
		{38C40D8A-B775-4A53-BD4A-743C3BD8EB7E}.Debug|Any CPU.Build.0 = Debug|Any CPU
		{38C40D8A-B775-4A53-BD4A-743C3BD8EB7E}.Release|Any CPU.ActiveCfg = Release|Any CPU
		{38C40D8A-B775-4A53-BD4A-743C3BD8EB7E}.Release|Any CPU.Build.0 = Release|Any CPU
	EndGlobalSection
EndGlobal
